{
  "name": "vue-cli",
  "requires": true,
  "lockfileVersion": 1,
  "dependencies": {
    "vuex": {
      "version": "2.4.0",
      "resolved": "https://registry.npmjs.org/vuex/-/vuex-2.4.0.tgz",
      "integrity": "sha512-Jin6dmhB3rMXrNbOZH15F20idQ4F7YH5lTzkxITnooCkKO22nJlsMmDXI45kEiLZ9x7Z7UYlZt8/CFohQmFaHA=="
    }
  }
}
